<?xml version="1.0" encoding="utf-8"?>
<Project ToolsVersion="4.0" xmlns="http://schemas.microsoft.com/developer/msbuild/2003">
  <ItemGroup>
    <Filter Include="ソース ファイル">
      <UniqueIdentifier>{4FC737F1-C7A5-4376-A066-2A32D752A2FF}</UniqueIdentifier>
      <Extensions>cpp;c;cc;cxx;c++;cppm;ixx;def;odl;idl;hpj;bat;asm;asmx</Extensions>
    </Filter>
    <Filter Include="ヘッダー ファイル">
      <UniqueIdentifier>{93995380-89BD-4b04-88EB-625FBE52EBFB}</UniqueIdentifier>
      <Extensions>h;hh;hpp;hxx;h++;hm;inl;inc;ipp;xsd</Extensions>
    </Filter>
    <Filter Include="リソース ファイル">
      <UniqueIdentifier>{67DA6AB6-F800-4c08-8B7A-83BB121AAD01}</UniqueIdentifier>
      <Extensions>rc;ico;cur;bmp;dlg;rc2;rct;bin;rgs;gif;jpg;jpeg;jpe;resx;tiff;tif;png;wav;mfcribbon-ms</Extensions>
    </Filter>
    <Filter Include="Scene">
      <UniqueIdentifier>{0654ea37-eb67-4018-9ccb-79d978069c3d}</UniqueIdentifier>
    </Filter>
    <Filter Include="Scene\GameScene">
      <UniqueIdentifier>{fe114969-bd3e-46dc-9d5e-f9c4db70de49}</UniqueIdentifier>
    </Filter>
    <Filter Include="System">
      <UniqueIdentifier>{12eff4ad-86c6-4448-b9c7-65369e94c1ad}</UniqueIdentifier>
    </Filter>
  </ItemGroup>
  <ItemGroup>
    <ClCompile Include="main.cpp">
      <Filter>ソース ファイル</Filter>
    </ClCompile>
    <ClCompile Include="Background.cpp">
      <Filter>Scene\GameScene</Filter>
    </ClCompile>
    <ClCompile Include="Beam.cpp">
      <Filter>Scene\GameScene</Filter>
    </ClCompile>
    <ClCompile Include="Player.cpp">
      <Filter>Scene\GameScene</Filter>
    </ClCompile>
    <ClCompile Include="SceneManager.cpp">
      <Filter>Scene</Filter>
    </ClCompile>
    <ClCompile Include="Vector2.cpp">
      <Filter>System</Filter>
    </ClCompile>
    <ClCompile Include="fps.cpp">
      <Filter>System</Filter>
    </ClCompile>
    <ClCompile Include="GameObject.cpp">
      <Filter>Scene</Filter>
    </ClCompile>
    <ClCompile Include="Sprite.cpp">
      <Filter>Scene</Filter>
    </ClCompile>
    <ClCompile Include="UnityScale.cpp">
      <Filter>System</Filter>
    </ClCompile>
    <ClCompile Include="Mathf..cpp">
      <Filter>System</Filter>
    </ClCompile>
    <ClCompile Include="GameScene.cpp">
      <Filter>Scene\GameScene</Filter>
    </ClCompile>
    <ClCompile Include="SceneBase.cpp">
      <Filter>Scene</Filter>
    </ClCompile>
    <ClCompile Include="Transform.cpp">
      <Filter>System</Filter>
    </ClCompile>
    <ClCompile Include="Shape.cpp">
      <Filter>Scene</Filter>
    </ClCompile>
    <ClCompile Include="GameObjectAdmin.cpp">
      <Filter>Scene</Filter>
    </ClCompile>
    <ClCompile Include="GameObjectAdmin_GameScene.cpp">
      <Filter>Scene\GameScene</Filter>
    </ClCompile>
    <ClCompile Include="ImageManager.cpp">
      <Filter>Scene</Filter>
    </ClCompile>
    <ClCompile Include="GameObjectFactory.cpp">
      <Filter>Scene</Filter>
    </ClCompile>
  </ItemGroup>
  <ItemGroup>
    <ClInclude Include="Arrow.h">
      <Filter>Scene\GameScene</Filter>
    </ClInclude>
    <ClInclude Include="Beam.h">
      <Filter>Scene\GameScene</Filter>
    </ClInclude>
    <ClInclude Include="Background.h">
      <Filter>Scene\GameScene</Filter>
    </ClInclude>
    <ClInclude Include="Frontground.h">
      <Filter>Scene\GameScene</Filter>
    </ClInclude>
    <ClInclude Include="SceneBase.h">
      <Filter>Scene</Filter>
    </ClInclude>
    <ClInclude Include="GameWindow.h">
      <Filter>System</Filter>
    </ClInclude>
    <ClInclude Include="Input.h">
      <Filter>System</Filter>
    </ClInclude>
    <ClInclude Include="Library.h">
      <Filter>ヘッダー ファイル</Filter>
    </ClInclude>
    <ClInclude Include="Player.h">
      <Filter>Scene\GameScene</Filter>
    </ClInclude>
    <ClInclude Include="SceneManager.h">
      <Filter>Scene</Filter>
    </ClInclude>
    <ClInclude Include="Vector2.h">
      <Filter>System</Filter>
    </ClInclude>
    <ClInclude Include="fps.h">
      <Filter>System</Filter>
    </ClInclude>
    <ClInclude Include="GameObject.h">
      <Filter>Scene</Filter>
    </ClInclude>
    <ClInclude Include="Sprite.h">
      <Filter>Scene</Filter>
    </ClInclude>
    <ClInclude Include="UnityScale.h">
      <Filter>System</Filter>
    </ClInclude>
    <ClInclude Include="Transform.h">
      <Filter>System</Filter>
    </ClInclude>
    <ClInclude Include="EnterValue.h">
      <Filter>リソース ファイル</Filter>
    </ClInclude>
    <ClInclude Include="Mathf.h">
      <Filter>System</Filter>
    </ClInclude>
    <ClInclude Include="GameObjectAdmin_GameScene.h">
      <Filter>Scene\GameScene</Filter>
    </ClInclude>
    <ClInclude Include="GameScene.h">
      <Filter>Scene\GameScene</Filter>
    </ClInclude>
    <ClInclude Include="GameObjectAdmin.h">
      <Filter>Scene</Filter>
    </ClInclude>
    <ClInclude Include="Shape.h">
      <Filter>Scene</Filter>
    </ClInclude>
    <ClInclude Include="AllGameObjects_GameScene.h">
      <Filter>ヘッダー ファイル</Filter>
    </ClInclude>
    <ClInclude Include="GameObjectFactory.h">
      <Filter>Scene</Filter>
    </ClInclude>
    <ClInclude Include="ImageManager.h">
      <Filter>Scene</Filter>
    </ClInclude>
  </ItemGroup>
</Project>